
Microsoft Visual Studio Solution File, Format Version 12.00
# Visual Studio Version 16
VisualStudioVersion = 16.0.31727.386
MinimumVisualStudioVersion = 10.0.40219.1
Project("{9A19103F-16F7-4668-BE54-9A1E7A4F7556}") = "OrderState.lib", "OrderState.lib\OrderState.lib.csproj", "{0BDCF31F-51A8-4CE6-84EA-3340AFDC1E1C}"
EndProject
Project("{FAE04EC0-301F-11D3-BF4B-00C04F79EFBC}") = "OrderState", "OrderState\OrderState.csproj", "{749FDD39-79DF-44E4-BBEA-AECA989BCAE2}"
EndProject
Global
	GlobalSection(SolutionConfigurationPlatforms) = preSolution
		Debug|Any CPU = Debug|Any CPU
		Release|Any CPU = Release|Any CPU
	EndGlobalSection
	GlobalSection(ProjectConfigurationPlatforms) = postSolution
		{0BDCF31F-51A8-4CE6-84EA-3340AFDC1E1C}.Debug|Any CPU.ActiveCfg = Debug|Any CPU
		{0BDCF31F-51A8-4CE6-84EA-3340AFDC1E1C}.Debug|Any CPU.Build.0 = Debug|Any CPU
		{0BDCF31F-51A8-4CE6-84EA-3340AFDC1E1C}.Release|Any CPU.ActiveCfg = Release|Any CPU
		{0BDCF31F-51A8-4CE6-84EA-3340AFDC1E1C}.Release|Any CPU.Build.0 = Release|Any CPU
		{749FDD39-79DF-44E4-BBEA-AECA989BCAE2}.Debug|Any CPU.ActiveCfg = Debug|Any CPU
		{749FDD39-79DF-44E4-BBEA-AECA989BCAE2}.Debug|Any CPU.Build.0 = Debug|Any CPU
		{749FDD39-79DF-44E4-BBEA-AECA989BCAE2}.Release|Any CPU.ActiveCfg = Release|Any CPU
		{749FDD39-79DF-44E4-BBEA-AECA989BCAE2}.Release|Any CPU.Build.0 = Release|Any CPU
	EndGlobalSection
	GlobalSection(SolutionProperties) = preSolution
		HideSolutionNode = FALSE
	EndGlobalSection
	GlobalSection(ExtensibilityGlobals) = postSolution
		SolutionGuid = {BC4A733F-126F-490A-AE70-B81AB6CEEFC8}
	EndGlobalSection
EndGlobal
